
Microsoft Visual Studio Solution File, Format Version 12.00
# Visual Studio 15
VisualStudioVersion = 15.0.28307.705
MinimumVisualStudioVersion = 10.0.40219.1
Project("{FAE04EC0-301F-11D3-BF4B-00C04F79EFBC}") = "EchoAuthBot", "EchoAuthBot\EchoAuthBot.csproj", "{DF4B26AF-5F80-4105-A77C-02558F1C8318}"
EndProject
Global
	GlobalSection(SolutionConfigurationPlatforms) = preSolution
		Debug|Any CPU = Debug|Any CPU
		Release|Any CPU = Release|Any CPU
	EndGlobalSection
	GlobalSection(ProjectConfigurationPlatforms) = postSolution
		{DF4B26AF-5F80-4105-A77C-02558F1C8318}.Debug|Any CPU.ActiveCfg = Debug|Any CPU
		{DF4B26AF-5F80-4105-A77C-02558F1C8318}.Debug|Any CPU.Build.0 = Debug|Any CPU
		{DF4B26AF-5F80-4105-A77C-02558F1C8318}.Release|Any CPU.ActiveCfg = Release|Any CPU
		{DF4B26AF-5F80-4105-A77C-02558F1C8318}.Release|Any CPU.Build.0 = Release|Any CPU
	EndGlobalSection
	GlobalSection(SolutionProperties) = preSolution
		HideSolutionNode = FALSE
	EndGlobalSection
	GlobalSection(ExtensibilityGlobals) = postSolution
		SolutionGuid = {E044A8DA-5469-4F97-A2F3-A5E2F55880AF}
	EndGlobalSection
EndGlobal
